{
    "_readme": [
        "This file locks the dependencies of your project to a known state",
        "Read more about it at https://getcomposer.org/doc/01-basic-usage.md#installing-dependencies",
        "This file is @generated automatically"
    ],
    "content-hash": "d393d7308c859df6330bee4270d662f5",
    "packages": [
        {
            "name": "composer/installers",
            "version": "1.x-dev",
            "source": {
                "type": "git",
                "url": "https://github.com/composer/installers.git",
                "reference": "894a0b5c5d34c88b69b097f2aae1439730fa6836"
            },
            "dist": {
                "type": "zip",
                "url": "https://api.github.com/repos/composer/installers/zipball/894a0b5c5d34c88b69b097f2aae1439730fa6836",
                "reference": "894a0b5c5d34c88b69b097f2aae1439730fa6836",
                "shasum": ""
            },
            "require": {
                "composer-plugin-api": "^1.0 || ^2.0"
            },
            "replace": {
                "roundcube/plugin-installer": "*",
                "shama/baton": "*"
            },
            "require-dev": {
                "composer/composer": "1.6.* || ^2.0",
                "composer/semver": "^1 || ^3",
                "phpstan/phpstan": "^0.12.55",
                "phpstan/phpstan-phpunit": "^0.12.16",
                "symfony/phpunit-bridge": "^4.2 || ^5",
                "symfony/process": "^2.3"
            },
            "type": "composer-plugin",
            "extra": {
                "class": "Composer\\Installers\\Plugin",
                "branch-alias": {
                    "dev-main": "1.x-dev"
                },
                "plugin-modifies-install-path": true
            },
            "autoload": {
                "psr-4": {
                    "Composer\\Installers\\": "src/Composer/Installers"
                }
            },
            "notification-url": "https://packagist.org/downloads/",
            "license": [
                "MIT"
            ],
            "authors": [
                {
                    "name": "Kyle Robinson Young",
                    "email": "kyle@dontkry.com",
                    "homepage": "https://github.com/shama"
                }
            ],
            "description": "A multi-framework Composer library installer",
            "homepage": "https://composer.github.io/installers/",
            "keywords": [
                "Craft",
                "Dolibarr",
                "Eliasis",
                "Hurad",
                "ImageCMS",
                "Kanboard",
                "Lan Management System",
                "MODX Evo",
                "MantisBT",
                "Mautic",
                "Maya",
                "OXID",
                "Plentymarkets",
                "Porto",
                "RadPHP",
                "SMF",
                "Starbug",
                "Thelia",
                "Whmcs",
                "WolfCMS",
                "agl",
                "aimeos",
                "annotatecms",
                "attogram",
                "bitrix",
                "cakephp",
                "chef",
                "cockpit",
                "codeigniter",
                "concrete5",
                "croogo",
                "dokuwiki",
                "drupal",
                "eZ Platform",
                "elgg",
                "expressionengine",
                "fuelphp",
                "grav",
                "installer",
                "itop",
                "joomla",
                "known",
                "kohana",
                "laravel",
                "lavalite",
                "lithium",
                "magento",
                "majima",
                "mako",
                "mediawiki",
                "miaoxing",
                "modulework",
                "modx",
                "moodle",
                "osclass",
                "pantheon",
                "phpbb",
                "piwik",
                "ppi",
                "processwire",
                "puppet",
                "pxcms",
                "reindex",
                "roundcube",
                "shopware",
                "silverstripe",
                "sydes",
                "sylius",
                "symfony",
                "tastyigniter",
                "typo3",
                "wordpress",
                "yawik",
                "zend",
                "zikula"
            ],
            "support": {
                "issues": "https://github.com/composer/installers/issues",
                "source": "https://github.com/composer/installers/tree/1.x"
            },
            "funding": [
                {
                    "url": "https://packagist.com",
                    "type": "custom"
                },
                {
                    "url": "https://github.com/composer",
                    "type": "github"
                },
                {
                    "url": "https://tidelift.com/funding/github/packagist/composer/composer",
                    "type": "tidelift"
                }
            ],
            "time": "2022-03-15T21:23:54+00:00"
        },
        {
            "name": "longbyte/api",
            "version": "v2.0.1.x-dev",
            "source": {
                "type": "git",
                "url": "git@gitlab.vdstech.ru:longbyte/longbyte.api.bx.git",
                "reference": "8f9c6d5c7afed2327599be84b3fc49b423b97768"
            },
            "require": {
                "composer/installers": "~1.0",
                "php": ">=7.2"
            },
            "type": "cakephp-plugin",
            "extra": {
                "installer-name": "Core"
            },
            "description": "longbyte.api core",
            "time": "2022-05-15T19:15:54+00:00"
        },
        {
            "name": "telegram-bot/api",
            "version": "dev-master",
            "source": {
                "type": "git",
                "url": "https://github.com/TelegramBot/Api.git",
                "reference": "ead0e4dd8baa1b1238113b5e3bb388e23220601e"
            },
            "dist": {
                "type": "zip",
                "url": "https://api.github.com/repos/TelegramBot/Api/zipball/ead0e4dd8baa1b1238113b5e3bb388e23220601e",
                "reference": "ead0e4dd8baa1b1238113b5e3bb388e23220601e",
                "shasum": ""
            },
            "require": {
                "ext-curl": "*",
                "ext-json": "*",
                "php": ">=5.5.0"
            },
            "require-dev": {
                "friendsofphp/php-cs-fixer": "^3.16",
                "symfony/phpunit-bridge": "*",
                "vimeo/psalm": "^5.9"
            },
            "default-branch": true,
            "type": "library",
            "extra": {
                "branch-alias": {
                    "dev-master": "2.4-dev"
                }
            },
            "autoload": {
                "psr-4": {
                    "TelegramBot\\Api\\": "src"
                }
            },
            "autoload-dev": {
                "psr-4": {
                    "TelegramBot\\Api\\Test\\": "tests"
                }
            },
            "scripts": {
                "test": [
                    "vendor/bin/simple-phpunit --colors=always"
                ],
                "coverage": [
                    "XDEBUG_MODE=coverage vendor/bin/simple-phpunit --coverage-html build/coverage"
                ],
                "psalm": [
                    "vendor/bin/psalm"
                ],
                "cs-fix": [
                    "vendor/bin/php-cs-fixer fix --allow-risky=yes --diff --ansi"
                ],
                "cs-check": [
                    "vendor/bin/php-cs-fixer fix --allow-risky=yes --diff --ansi --dry-run"
                ]
            },
            "license": [
                "MIT"
            ],
            "authors": [
                {
                    "name": "Ilya Gusev",
                    "email": "mail@igusev.ru",
                    "homepage": "https://php-cat.com",
                    "role": "Developer"
                }
            ],
            "description": "PHP Wrapper for Telegram Bot API",
            "homepage": "https://github.com/TelegramBot/Api",
            "keywords": [
                "bot",
                "bot api",
                "php",
                "telegram"
            ],
            "support": {
                "source": "https://github.com/TelegramBot/Api/tree/master",
                "issues": "https://github.com/TelegramBot/Api/issues"
            },
            "time": "2023-06-27T12:56:24+00:00"
        }
    ],
    "packages-dev": [],
    "aliases": [],
    "minimum-stability": "dev",
    "stability-flags": {
        "telegram-bot/api": 20
    },
    "prefer-stable": false,
    "prefer-lowest": false,
    "platform": {
        "php": ">=7.4"
    },
    "platform-dev": [],
    "plugin-api-version": "2.3.0"
}
